
Microsoft Visual Studio Solution File, Format Version 12.00
# Visual Studio Version 17
VisualStudioVersion = 17.0.31710.8
MinimumVisualStudioVersion = 10.0.40219.1
Project("{9A19103F-16F7-4668-BE54-9A1E7A4F7556}") = "FastEndpoints", "Src\Library\FastEndpoints.csproj", "{46C0B385-062F-48D5-866A-8235192CBAB4}"
EndProject
Project("{9A19103F-16F7-4668-BE54-9A1E7A4F7556}") = "Web", "Web\Web.csproj", "{8662EC7C-ECF1-4274-BAFD-38D6D1BD9DAB}"
EndProject
Project("{2150E333-8FDC-42A3-9474-1A3956D46DE8}") = "Benchmark", "Benchmark", "{7FFD7B4A-1FF7-4F7F-9D99-75035E33E96D}"
EndProject
Project("{9A19103F-16F7-4668-BE54-9A1E7A4F7556}") = "Runner", "Benchmark\Runner\Runner.csproj", "{3014AF58-165B-4CD7-BB4C-BC54B0872BD2}"
EndProject
Project("{9A19103F-16F7-4668-BE54-9A1E7A4F7556}") = "FEBench", "Benchmark\FastEndpointsBench\FEBench.csproj", "{87F3C4B5-FA58-4143-9C09-4328F172B158}"
EndProject
Project("{9A19103F-16F7-4668-BE54-9A1E7A4F7556}") = "MvcControllers", "Benchmark\MvcControllers\MvcControllers.csproj", "{7E007C8A-1518-4A6A-A47D-857CD6C0A150}"
EndProject
Project("{9A19103F-16F7-4668-BE54-9A1E7A4F7556}") = "MinimalApi", "Benchmark\MinimalApi\MinimalApi.csproj", "{37EF74E1-F6AD-4B0E-B573-32489D003E1B}"
EndProject
Project("{9A19103F-16F7-4668-BE54-9A1E7A4F7556}") = "FastEndpoints.Security", "Src\Security\FastEndpoints.Security.csproj", "{F1A3F212-CD6A-48F4-BE4C-ACBEF04137D8}"
EndProject
Project("{9A19103F-16F7-4668-BE54-9A1E7A4F7556}") = "FastEndpoints.Swagger", "Src\Swagger\FastEndpoints.Swagger.csproj", "{7FCF797D-C5B6-4AD3-9E55-5C68BDFA1FE6}"
EndProject
Project("{2150E333-8FDC-42A3-9474-1A3956D46DE8}") = "Tests", "Tests", "{41C316BB-BE68-421E-867E-26C06E42E6A3}"
EndProject
Project("{2150E333-8FDC-42A3-9474-1A3956D46DE8}") = "IntegrationTests", "IntegrationTests", "{6D2721E8-A0C6-4F83-8145-E2EB90224218}"
EndProject
Project("{2150E333-8FDC-42A3-9474-1A3956D46DE8}") = "UnitTests", "UnitTests", "{BD7B97F1-F6A7-4EB6-9FA3-C6B813C2839C}"
EndProject
Project("{9A19103F-16F7-4668-BE54-9A1E7A4F7556}") = "IntegrationTests.Shared", "Tests\IntegrationTests\IntegrationTests.Shared\IntegrationTests.Shared.csproj", "{A2AB8DDC-D61C-492B-B4CF-D00671B2DCBC}"
EndProject
Project("{9A19103F-16F7-4668-BE54-9A1E7A4F7556}") = "FastEndpoints.Swagger.IntegrationTests", "Tests\IntegrationTests\FastEndpoints.Swagger.IntegrationTests\FastEndpoints.Swagger.IntegrationTests.csproj", "{051A082B-3A29-40A1-AB53-0872B00B5A20}"
EndProject
Project("{9A19103F-16F7-4668-BE54-9A1E7A4F7556}") = "FastEndpoints.Security.IntegrationTests", "Tests\IntegrationTests\FastEndpoints.Security.IntegrationTests\FastEndpoints.Security.IntegrationTests.csproj", "{3105F43F-EF68-4C24-B4B4-ABF1DAC33BB9}"
EndProject
Project("{9A19103F-16F7-4668-BE54-9A1E7A4F7556}") = "FastEndpoints.IntegrationTests", "Tests\IntegrationTests\FastEndpoints.IntegrationTests\FastEndpoints.IntegrationTests.csproj", "{EE67013F-74FD-47FE-A8D1-7B9265A50558}"
EndProject
Project("{9A19103F-16F7-4668-BE54-9A1E7A4F7556}") = "FastEndpoints.Security.UnitTests", "Tests\UnitTests\FastEndpoints.Security.UnitTests\FastEndpoints.Security.UnitTests.csproj", "{7E6C5180-DBE1-466C-808E-638FC7C6E60A}"
EndProject
Project("{9A19103F-16F7-4668-BE54-9A1E7A4F7556}") = "FastEndpoints.Swagger.UnitTests", "Tests\UnitTests\FastEndpoints.Swagger.UnitTests\FastEndpoints.Swagger.UnitTests.csproj", "{D38776A4-B1EF-48A4-9D2D-4C9B44F76EB9}"
EndProject
Project("{9A19103F-16F7-4668-BE54-9A1E7A4F7556}") = "FastEndpoints.UnitTests", "Tests\UnitTests\FastEndpoints.UnitTests\FastEndpoints.UnitTests.csproj", "{1B4BA15D-AC5C-476C-9AC7-D50DDA4CBAF7}"
EndProject
Project("{9A19103F-16F7-4668-BE54-9A1E7A4F7556}") = "UnitTests.Shared", "Tests\UnitTests\UnitTests.Shared\UnitTests.Shared.csproj", "{290579FF-FDAB-4853-8682-BB3F040B5AFE}"
EndProject
Project("{2150E333-8FDC-42A3-9474-1A3956D46DE8}") = "Solution Items", "Solution Items", "{7ECBAA56-4755-42A8-93BA-4BC69229E0A5}"
	ProjectSection(SolutionItems) = preProject
		.editorconfig = .editorconfig
	EndProjectSection
EndProject
Project("{9A19103F-16F7-4668-BE54-9A1E7A4F7556}") = "FastEndpoints.Attributes", "Src\Attributes\FastEndpoints.Attributes.csproj", "{B6E76577-76F9-4802-9090-1F0559951330}"
EndProject
Project("{9A19103F-16F7-4668-BE54-9A1E7A4F7556}") = "FastEndpoints.ClientGen", "Src\ClientGen\FastEndpoints.ClientGen.csproj", "{B7B4A4B5-B017-46E2-9897-07A84B5341A0}"
EndProject
Project("{9A19103F-16F7-4668-BE54-9A1E7A4F7556}") = "FastEndpoints.Generator", "Src\Generator\FastEndpoints.Generator.csproj", "{9E89D6C1-6580-4995-B5C6-2D55C34354CF}"
EndProject
Project("{9A19103F-16F7-4668-BE54-9A1E7A4F7556}") = "FastEndpoints.AspVersioning", "Src\AspVersioning\FastEndpoints.AspVersioning.csproj", "{071A478E-1718-450D-9BB7-162ECFB10F14}"
EndProject
Global
	GlobalSection(SolutionConfigurationPlatforms) = preSolution
		Debug|Any CPU = Debug|Any CPU
		Debug|x86 = Debug|x86
		Release|Any CPU = Release|Any CPU
		Release|x86 = Release|x86
	EndGlobalSection
	GlobalSection(ProjectConfigurationPlatforms) = postSolution
		{46C0B385-062F-48D5-866A-8235192CBAB4}.Debug|Any CPU.ActiveCfg = Debug|Any CPU
		{46C0B385-062F-48D5-866A-8235192CBAB4}.Debug|Any CPU.Build.0 = Debug|Any CPU
		{46C0B385-062F-48D5-866A-8235192CBAB4}.Debug|x86.ActiveCfg = Debug|Any CPU
		{46C0B385-062F-48D5-866A-8235192CBAB4}.Debug|x86.Build.0 = Debug|Any CPU
		{46C0B385-062F-48D5-866A-8235192CBAB4}.Release|Any CPU.ActiveCfg = Release|Any CPU
		{46C0B385-062F-48D5-866A-8235192CBAB4}.Release|Any CPU.Build.0 = Release|Any CPU
		{46C0B385-062F-48D5-866A-8235192CBAB4}.Release|x86.ActiveCfg = Release|Any CPU
		{46C0B385-062F-48D5-866A-8235192CBAB4}.Release|x86.Build.0 = Release|Any CPU
		{8662EC7C-ECF1-4274-BAFD-38D6D1BD9DAB}.Debug|Any CPU.ActiveCfg = Debug|Any CPU
		{8662EC7C-ECF1-4274-BAFD-38D6D1BD9DAB}.Debug|Any CPU.Build.0 = Debug|Any CPU
		{8662EC7C-ECF1-4274-BAFD-38D6D1BD9DAB}.Debug|x86.ActiveCfg = Debug|Any CPU
		{8662EC7C-ECF1-4274-BAFD-38D6D1BD9DAB}.Debug|x86.Build.0 = Debug|Any CPU
		{8662EC7C-ECF1-4274-BAFD-38D6D1BD9DAB}.Release|Any CPU.ActiveCfg = Release|Any CPU
		{8662EC7C-ECF1-4274-BAFD-38D6D1BD9DAB}.Release|Any CPU.Build.0 = Release|Any CPU
		{8662EC7C-ECF1-4274-BAFD-38D6D1BD9DAB}.Release|x86.ActiveCfg = Release|Any CPU
		{8662EC7C-ECF1-4274-BAFD-38D6D1BD9DAB}.Release|x86.Build.0 = Release|Any CPU
		{3014AF58-165B-4CD7-BB4C-BC54B0872BD2}.Debug|Any CPU.ActiveCfg = Debug|Any CPU
		{3014AF58-165B-4CD7-BB4C-BC54B0872BD2}.Debug|Any CPU.Build.0 = Debug|Any CPU
		{3014AF58-165B-4CD7-BB4C-BC54B0872BD2}.Debug|x86.ActiveCfg = Debug|Any CPU
		{3014AF58-165B-4CD7-BB4C-BC54B0872BD2}.Debug|x86.Build.0 = Debug|Any CPU
		{3014AF58-165B-4CD7-BB4C-BC54B0872BD2}.Release|Any CPU.ActiveCfg = Release|Any CPU
		{3014AF58-165B-4CD7-BB4C-BC54B0872BD2}.Release|Any CPU.Build.0 = Release|Any CPU
		{3014AF58-165B-4CD7-BB4C-BC54B0872BD2}.Release|x86.ActiveCfg = Release|Any CPU
		{3014AF58-165B-4CD7-BB4C-BC54B0872BD2}.Release|x86.Build.0 = Release|Any CPU
		{87F3C4B5-FA58-4143-9C09-4328F172B158}.Debug|Any CPU.ActiveCfg = Debug|Any CPU
		{87F3C4B5-FA58-4143-9C09-4328F172B158}.Debug|Any CPU.Build.0 = Debug|Any CPU
		{87F3C4B5-FA58-4143-9C09-4328F172B158}.Debug|x86.ActiveCfg = Debug|Any CPU
		{87F3C4B5-FA58-4143-9C09-4328F172B158}.Debug|x86.Build.0 = Debug|Any CPU
		{87F3C4B5-FA58-4143-9C09-4328F172B158}.Release|Any CPU.ActiveCfg = Release|Any CPU
		{87F3C4B5-FA58-4143-9C09-4328F172B158}.Release|Any CPU.Build.0 = Release|Any CPU
		{87F3C4B5-FA58-4143-9C09-4328F172B158}.Release|x86.ActiveCfg = Release|Any CPU
		{87F3C4B5-FA58-4143-9C09-4328F172B158}.Release|x86.Build.0 = Release|Any CPU
		{7E007C8A-1518-4A6A-A47D-857CD6C0A150}.Debug|Any CPU.ActiveCfg = Debug|Any CPU
		{7E007C8A-1518-4A6A-A47D-857CD6C0A150}.Debug|Any CPU.Build.0 = Debug|Any CPU
		{7E007C8A-1518-4A6A-A47D-857CD6C0A150}.Debug|x86.ActiveCfg = Debug|Any CPU
		{7E007C8A-1518-4A6A-A47D-857CD6C0A150}.Debug|x86.Build.0 = Debug|Any CPU
		{7E007C8A-1518-4A6A-A47D-857CD6C0A150}.Release|Any CPU.ActiveCfg = Release|Any CPU
		{7E007C8A-1518-4A6A-A47D-857CD6C0A150}.Release|Any CPU.Build.0 = Release|Any CPU
		{7E007C8A-1518-4A6A-A47D-857CD6C0A150}.Release|x86.ActiveCfg = Release|Any CPU
		{7E007C8A-1518-4A6A-A47D-857CD6C0A150}.Release|x86.Build.0 = Release|Any CPU
		{37EF74E1-F6AD-4B0E-B573-32489D003E1B}.Debug|Any CPU.ActiveCfg = Debug|Any CPU
		{37EF74E1-F6AD-4B0E-B573-32489D003E1B}.Debug|Any CPU.Build.0 = Debug|Any CPU
		{37EF74E1-F6AD-4B0E-B573-32489D003E1B}.Debug|x86.ActiveCfg = Debug|Any CPU
		{37EF74E1-F6AD-4B0E-B573-32489D003E1B}.Debug|x86.Build.0 = Debug|Any CPU
		{37EF74E1-F6AD-4B0E-B573-32489D003E1B}.Release|Any CPU.ActiveCfg = Release|Any CPU
		{37EF74E1-F6AD-4B0E-B573-32489D003E1B}.Release|Any CPU.Build.0 = Release|Any CPU
		{37EF74E1-F6AD-4B0E-B573-32489D003E1B}.Release|x86.ActiveCfg = Release|Any CPU
		{37EF74E1-F6AD-4B0E-B573-32489D003E1B}.Release|x86.Build.0 = Release|Any CPU
		{F1A3F212-CD6A-48F4-BE4C-ACBEF04137D8}.Debug|Any CPU.ActiveCfg = Debug|Any CPU
		{F1A3F212-CD6A-48F4-BE4C-ACBEF04137D8}.Debug|Any CPU.Build.0 = Debug|Any CPU
		{F1A3F212-CD6A-48F4-BE4C-ACBEF04137D8}.Debug|x86.ActiveCfg = Debug|Any CPU
		{F1A3F212-CD6A-48F4-BE4C-ACBEF04137D8}.Debug|x86.Build.0 = Debug|Any CPU
		{F1A3F212-CD6A-48F4-BE4C-ACBEF04137D8}.Release|Any CPU.ActiveCfg = Release|Any CPU
		{F1A3F212-CD6A-48F4-BE4C-ACBEF04137D8}.Release|Any CPU.Build.0 = Release|Any CPU
		{F1A3F212-CD6A-48F4-BE4C-ACBEF04137D8}.Release|x86.ActiveCfg = Release|Any CPU
		{F1A3F212-CD6A-48F4-BE4C-ACBEF04137D8}.Release|x86.Build.0 = Release|Any CPU
		{7FCF797D-C5B6-4AD3-9E55-5C68BDFA1FE6}.Debug|Any CPU.ActiveCfg = Debug|Any CPU
		{7FCF797D-C5B6-4AD3-9E55-5C68BDFA1FE6}.Debug|Any CPU.Build.0 = Debug|Any CPU
		{7FCF797D-C5B6-4AD3-9E55-5C68BDFA1FE6}.Debug|x86.ActiveCfg = Debug|Any CPU
		{7FCF797D-C5B6-4AD3-9E55-5C68BDFA1FE6}.Debug|x86.Build.0 = Debug|Any CPU
		{7FCF797D-C5B6-4AD3-9E55-5C68BDFA1FE6}.Release|Any CPU.ActiveCfg = Release|Any CPU
		{7FCF797D-C5B6-4AD3-9E55-5C68BDFA1FE6}.Release|Any CPU.Build.0 = Release|Any CPU
		{7FCF797D-C5B6-4AD3-9E55-5C68BDFA1FE6}.Release|x86.ActiveCfg = Release|Any CPU
		{7FCF797D-C5B6-4AD3-9E55-5C68BDFA1FE6}.Release|x86.Build.0 = Release|Any CPU
		{A2AB8DDC-D61C-492B-B4CF-D00671B2DCBC}.Debug|Any CPU.ActiveCfg = Debug|Any CPU
		{A2AB8DDC-D61C-492B-B4CF-D00671B2DCBC}.Debug|Any CPU.Build.0 = Debug|Any CPU
		{A2AB8DDC-D61C-492B-B4CF-D00671B2DCBC}.Debug|x86.ActiveCfg = Debug|Any CPU
		{A2AB8DDC-D61C-492B-B4CF-D00671B2DCBC}.Debug|x86.Build.0 = Debug|Any CPU
		{A2AB8DDC-D61C-492B-B4CF-D00671B2DCBC}.Release|Any CPU.ActiveCfg = Release|Any CPU
		{A2AB8DDC-D61C-492B-B4CF-D00671B2DCBC}.Release|Any CPU.Build.0 = Release|Any CPU
		{A2AB8DDC-D61C-492B-B4CF-D00671B2DCBC}.Release|x86.ActiveCfg = Release|Any CPU
		{A2AB8DDC-D61C-492B-B4CF-D00671B2DCBC}.Release|x86.Build.0 = Release|Any CPU
		{051A082B-3A29-40A1-AB53-0872B00B5A20}.Debug|Any CPU.ActiveCfg = Debug|Any CPU
		{051A082B-3A29-40A1-AB53-0872B00B5A20}.Debug|Any CPU.Build.0 = Debug|Any CPU
		{051A082B-3A29-40A1-AB53-0872B00B5A20}.Debug|x86.ActiveCfg = Debug|Any CPU
		{051A082B-3A29-40A1-AB53-0872B00B5A20}.Debug|x86.Build.0 = Debug|Any CPU
		{051A082B-3A29-40A1-AB53-0872B00B5A20}.Release|Any CPU.ActiveCfg = Release|Any CPU
		{051A082B-3A29-40A1-AB53-0872B00B5A20}.Release|Any CPU.Build.0 = Release|Any CPU
		{051A082B-3A29-40A1-AB53-0872B00B5A20}.Release|x86.ActiveCfg = Release|Any CPU
		{051A082B-3A29-40A1-AB53-0872B00B5A20}.Release|x86.Build.0 = Release|Any CPU
		{3105F43F-EF68-4C24-B4B4-ABF1DAC33BB9}.Debug|Any CPU.ActiveCfg = Debug|Any CPU
		{3105F43F-EF68-4C24-B4B4-ABF1DAC33BB9}.Debug|Any CPU.Build.0 = Debug|Any CPU
		{3105F43F-EF68-4C24-B4B4-ABF1DAC33BB9}.Debug|x86.ActiveCfg = Debug|Any CPU
		{3105F43F-EF68-4C24-B4B4-ABF1DAC33BB9}.Debug|x86.Build.0 = Debug|Any CPU
		{3105F43F-EF68-4C24-B4B4-ABF1DAC33BB9}.Release|Any CPU.ActiveCfg = Release|Any CPU
		{3105F43F-EF68-4C24-B4B4-ABF1DAC33BB9}.Release|Any CPU.Build.0 = Release|Any CPU
		{3105F43F-EF68-4C24-B4B4-ABF1DAC33BB9}.Release|x86.ActiveCfg = Release|Any CPU
		{3105F43F-EF68-4C24-B4B4-ABF1DAC33BB9}.Release|x86.Build.0 = Release|Any CPU
		{EE67013F-74FD-47FE-A8D1-7B9265A50558}.Debug|Any CPU.ActiveCfg = Debug|Any CPU
		{EE67013F-74FD-47FE-A8D1-7B9265A50558}.Debug|Any CPU.Build.0 = Debug|Any CPU
		{EE67013F-74FD-47FE-A8D1-7B9265A50558}.Debug|x86.ActiveCfg = Debug|Any CPU
		{EE67013F-74FD-47FE-A8D1-7B9265A50558}.Debug|x86.Build.0 = Debug|Any CPU
		{EE67013F-74FD-47FE-A8D1-7B9265A50558}.Release|Any CPU.ActiveCfg = Release|Any CPU
		{EE67013F-74FD-47FE-A8D1-7B9265A50558}.Release|Any CPU.Build.0 = Release|Any CPU
		{EE67013F-74FD-47FE-A8D1-7B9265A50558}.Release|x86.ActiveCfg = Release|Any CPU
		{EE67013F-74FD-47FE-A8D1-7B9265A50558}.Release|x86.Build.0 = Release|Any CPU
		{7E6C5180-DBE1-466C-808E-638FC7C6E60A}.Debug|Any CPU.ActiveCfg = Debug|Any CPU
		{7E6C5180-DBE1-466C-808E-638FC7C6E60A}.Debug|Any CPU.Build.0 = Debug|Any CPU
		{7E6C5180-DBE1-466C-808E-638FC7C6E60A}.Debug|x86.ActiveCfg = Debug|Any CPU
		{7E6C5180-DBE1-466C-808E-638FC7C6E60A}.Debug|x86.Build.0 = Debug|Any CPU
		{7E6C5180-DBE1-466C-808E-638FC7C6E60A}.Release|Any CPU.ActiveCfg = Release|Any CPU
		{7E6C5180-DBE1-466C-808E-638FC7C6E60A}.Release|Any CPU.Build.0 = Release|Any CPU
		{7E6C5180-DBE1-466C-808E-638FC7C6E60A}.Release|x86.ActiveCfg = Release|Any CPU
		{7E6C5180-DBE1-466C-808E-638FC7C6E60A}.Release|x86.Build.0 = Release|Any CPU
		{D38776A4-B1EF-48A4-9D2D-4C9B44F76EB9}.Debug|Any CPU.ActiveCfg = Debug|Any CPU
		{D38776A4-B1EF-48A4-9D2D-4C9B44F76EB9}.Debug|Any CPU.Build.0 = Debug|Any CPU
		{D38776A4-B1EF-48A4-9D2D-4C9B44F76EB9}.Debug|x86.ActiveCfg = Debug|Any CPU
		{D38776A4-B1EF-48A4-9D2D-4C9B44F76EB9}.Debug|x86.Build.0 = Debug|Any CPU
		{D38776A4-B1EF-48A4-9D2D-4C9B44F76EB9}.Release|Any CPU.ActiveCfg = Release|Any CPU
		{D38776A4-B1EF-48A4-9D2D-4C9B44F76EB9}.Release|Any CPU.Build.0 = Release|Any CPU
		{D38776A4-B1EF-48A4-9D2D-4C9B44F76EB9}.Release|x86.ActiveCfg = Release|Any CPU
		{D38776A4-B1EF-48A4-9D2D-4C9B44F76EB9}.Release|x86.Build.0 = Release|Any CPU
		{1B4BA15D-AC5C-476C-9AC7-D50DDA4CBAF7}.Debug|Any CPU.ActiveCfg = Debug|Any CPU
		{1B4BA15D-AC5C-476C-9AC7-D50DDA4CBAF7}.Debug|Any CPU.Build.0 = Debug|Any CPU
		{1B4BA15D-AC5C-476C-9AC7-D50DDA4CBAF7}.Debug|x86.ActiveCfg = Debug|Any CPU
		{1B4BA15D-AC5C-476C-9AC7-D50DDA4CBAF7}.Debug|x86.Build.0 = Debug|Any CPU
		{1B4BA15D-AC5C-476C-9AC7-D50DDA4CBAF7}.Release|Any CPU.ActiveCfg = Release|Any CPU
		{1B4BA15D-AC5C-476C-9AC7-D50DDA4CBAF7}.Release|Any CPU.Build.0 = Release|Any CPU
		{1B4BA15D-AC5C-476C-9AC7-D50DDA4CBAF7}.Release|x86.ActiveCfg = Release|Any CPU
		{1B4BA15D-AC5C-476C-9AC7-D50DDA4CBAF7}.Release|x86.Build.0 = Release|Any CPU
		{290579FF-FDAB-4853-8682-BB3F040B5AFE}.Debug|Any CPU.ActiveCfg = Debug|Any CPU
		{290579FF-FDAB-4853-8682-BB3F040B5AFE}.Debug|Any CPU.Build.0 = Debug|Any CPU
		{290579FF-FDAB-4853-8682-BB3F040B5AFE}.Debug|x86.ActiveCfg = Debug|Any CPU
		{290579FF-FDAB-4853-8682-BB3F040B5AFE}.Debug|x86.Build.0 = Debug|Any CPU
		{290579FF-FDAB-4853-8682-BB3F040B5AFE}.Release|Any CPU.ActiveCfg = Release|Any CPU
		{290579FF-FDAB-4853-8682-BB3F040B5AFE}.Release|Any CPU.Build.0 = Release|Any CPU
		{290579FF-FDAB-4853-8682-BB3F040B5AFE}.Release|x86.ActiveCfg = Release|Any CPU
		{290579FF-FDAB-4853-8682-BB3F040B5AFE}.Release|x86.Build.0 = Release|Any CPU
		{B6E76577-76F9-4802-9090-1F0559951330}.Debug|Any CPU.ActiveCfg = Debug|Any CPU
		{B6E76577-76F9-4802-9090-1F0559951330}.Debug|Any CPU.Build.0 = Debug|Any CPU
		{B6E76577-76F9-4802-9090-1F0559951330}.Debug|x86.ActiveCfg = Debug|Any CPU
		{B6E76577-76F9-4802-9090-1F0559951330}.Debug|x86.Build.0 = Debug|Any CPU
		{B6E76577-76F9-4802-9090-1F0559951330}.Release|Any CPU.ActiveCfg = Release|Any CPU
		{B6E76577-76F9-4802-9090-1F0559951330}.Release|Any CPU.Build.0 = Release|Any CPU
		{B6E76577-76F9-4802-9090-1F0559951330}.Release|x86.ActiveCfg = Release|Any CPU
		{B6E76577-76F9-4802-9090-1F0559951330}.Release|x86.Build.0 = Release|Any CPU
		{B7B4A4B5-B017-46E2-9897-07A84B5341A0}.Debug|Any CPU.ActiveCfg = Debug|Any CPU
		{B7B4A4B5-B017-46E2-9897-07A84B5341A0}.Debug|Any CPU.Build.0 = Debug|Any CPU
		{B7B4A4B5-B017-46E2-9897-07A84B5341A0}.Debug|x86.ActiveCfg = Debug|Any CPU
		{B7B4A4B5-B017-46E2-9897-07A84B5341A0}.Debug|x86.Build.0 = Debug|Any CPU
		{B7B4A4B5-B017-46E2-9897-07A84B5341A0}.Release|Any CPU.ActiveCfg = Release|Any CPU
		{B7B4A4B5-B017-46E2-9897-07A84B5341A0}.Release|Any CPU.Build.0 = Release|Any CPU
		{B7B4A4B5-B017-46E2-9897-07A84B5341A0}.Release|x86.ActiveCfg = Release|Any CPU
		{B7B4A4B5-B017-46E2-9897-07A84B5341A0}.Release|x86.Build.0 = Release|Any CPU
		{9E89D6C1-6580-4995-B5C6-2D55C34354CF}.Debug|Any CPU.ActiveCfg = Debug|Any CPU
		{9E89D6C1-6580-4995-B5C6-2D55C34354CF}.Debug|Any CPU.Build.0 = Debug|Any CPU
		{9E89D6C1-6580-4995-B5C6-2D55C34354CF}.Debug|x86.ActiveCfg = Debug|Any CPU
		{9E89D6C1-6580-4995-B5C6-2D55C34354CF}.Debug|x86.Build.0 = Debug|Any CPU
		{9E89D6C1-6580-4995-B5C6-2D55C34354CF}.Release|Any CPU.ActiveCfg = Release|Any CPU
		{9E89D6C1-6580-4995-B5C6-2D55C34354CF}.Release|Any CPU.Build.0 = Release|Any CPU
		{9E89D6C1-6580-4995-B5C6-2D55C34354CF}.Release|x86.ActiveCfg = Release|Any CPU
		{9E89D6C1-6580-4995-B5C6-2D55C34354CF}.Release|x86.Build.0 = Release|Any CPU
		{071A478E-1718-450D-9BB7-162ECFB10F14}.Debug|Any CPU.ActiveCfg = Debug|Any CPU
		{071A478E-1718-450D-9BB7-162ECFB10F14}.Debug|Any CPU.Build.0 = Debug|Any CPU
		{071A478E-1718-450D-9BB7-162ECFB10F14}.Debug|x86.ActiveCfg = Debug|Any CPU
		{071A478E-1718-450D-9BB7-162ECFB10F14}.Debug|x86.Build.0 = Debug|Any CPU
		{071A478E-1718-450D-9BB7-162ECFB10F14}.Release|Any CPU.ActiveCfg = Release|Any CPU
		{071A478E-1718-450D-9BB7-162ECFB10F14}.Release|Any CPU.Build.0 = Release|Any CPU
		{071A478E-1718-450D-9BB7-162ECFB10F14}.Release|x86.ActiveCfg = Release|Any CPU
		{071A478E-1718-450D-9BB7-162ECFB10F14}.Release|x86.Build.0 = Release|Any CPU
	EndGlobalSection
	GlobalSection(SolutionProperties) = preSolution
		HideSolutionNode = FALSE
	EndGlobalSection
	GlobalSection(NestedProjects) = preSolution
		{3014AF58-165B-4CD7-BB4C-BC54B0872BD2} = {7FFD7B4A-1FF7-4F7F-9D99-75035E33E96D}
		{87F3C4B5-FA58-4143-9C09-4328F172B158} = {7FFD7B4A-1FF7-4F7F-9D99-75035E33E96D}
		{7E007C8A-1518-4A6A-A47D-857CD6C0A150} = {7FFD7B4A-1FF7-4F7F-9D99-75035E33E96D}
		{37EF74E1-F6AD-4B0E-B573-32489D003E1B} = {7FFD7B4A-1FF7-4F7F-9D99-75035E33E96D}
		{6D2721E8-A0C6-4F83-8145-E2EB90224218} = {41C316BB-BE68-421E-867E-26C06E42E6A3}
		{BD7B97F1-F6A7-4EB6-9FA3-C6B813C2839C} = {41C316BB-BE68-421E-867E-26C06E42E6A3}
		{A2AB8DDC-D61C-492B-B4CF-D00671B2DCBC} = {6D2721E8-A0C6-4F83-8145-E2EB90224218}
		{051A082B-3A29-40A1-AB53-0872B00B5A20} = {6D2721E8-A0C6-4F83-8145-E2EB90224218}
		{3105F43F-EF68-4C24-B4B4-ABF1DAC33BB9} = {6D2721E8-A0C6-4F83-8145-E2EB90224218}
		{EE67013F-74FD-47FE-A8D1-7B9265A50558} = {6D2721E8-A0C6-4F83-8145-E2EB90224218}
		{7E6C5180-DBE1-466C-808E-638FC7C6E60A} = {BD7B97F1-F6A7-4EB6-9FA3-C6B813C2839C}
		{D38776A4-B1EF-48A4-9D2D-4C9B44F76EB9} = {BD7B97F1-F6A7-4EB6-9FA3-C6B813C2839C}
		{1B4BA15D-AC5C-476C-9AC7-D50DDA4CBAF7} = {BD7B97F1-F6A7-4EB6-9FA3-C6B813C2839C}
		{290579FF-FDAB-4853-8682-BB3F040B5AFE} = {BD7B97F1-F6A7-4EB6-9FA3-C6B813C2839C}
	EndGlobalSection
	GlobalSection(ExtensibilityGlobals) = postSolution
		SolutionGuid = {FB7DD32F-1C3C-435B-AE07-A3D7AA631603}
	EndGlobalSection
EndGlobal
