
Microsoft Visual Studio Solution File, Format Version 12.00
# Visual Studio Version 17
VisualStudioVersion = 17.0.31710.8
MinimumVisualStudioVersion = 10.0.40219.1
Project("{9A19103F-16F7-4668-BE54-9A1E7A4F7556}") = "FastEndpoints", "Src\Library\FastEndpoints.csproj", "{46C0B385-062F-48D5-866A-8235192CBAB4}"
EndProject
Project("{9A19103F-16F7-4668-BE54-9A1E7A4F7556}") = "Web", "Web\Web.csproj", "{8662EC7C-ECF1-4274-BAFD-38D6D1BD9DAB}"
EndProject
Project("{9A19103F-16F7-4668-BE54-9A1E7A4F7556}") = "Test", "Test\Test.csproj", "{E3756898-DD95-43BC-B344-AB4548081B82}"
EndProject
Project("{2150E333-8FDC-42A3-9474-1A3956D46DE8}") = "Benchmark", "Benchmark", "{7FFD7B4A-1FF7-4F7F-9D99-75035E33E96D}"
EndProject
Project("{9A19103F-16F7-4668-BE54-9A1E7A4F7556}") = "Runner", "Benchmark\Runner\Runner.csproj", "{3014AF58-165B-4CD7-BB4C-BC54B0872BD2}"
EndProject
Project("{9A19103F-16F7-4668-BE54-9A1E7A4F7556}") = "FastEndpointsBench", "Benchmark\FastEndpointsBench\FastEndpointsBench.csproj", "{87F3C4B5-FA58-4143-9C09-4328F172B158}"
EndProject
Project("{9A19103F-16F7-4668-BE54-9A1E7A4F7556}") = "MvcControllers", "Benchmark\MvcControllers\MvcControllers.csproj", "{7E007C8A-1518-4A6A-A47D-857CD6C0A150}"
EndProject
Project("{9A19103F-16F7-4668-BE54-9A1E7A4F7556}") = "MinimalApi", "Benchmark\MinimalApi\MinimalApi.csproj", "{37EF74E1-F6AD-4B0E-B573-32489D003E1B}"
EndProject
Project("{9A19103F-16F7-4668-BE54-9A1E7A4F7556}") = "FastEndpoints.Security", "Src\Security\FastEndpoints.Security.csproj", "{F1A3F212-CD6A-48F4-BE4C-ACBEF04137D8}"
EndProject
Project("{9A19103F-16F7-4668-BE54-9A1E7A4F7556}") = "FastEndpoints.Swagger", "Src\Swagger\FastEndpoints.Swagger.csproj", "{7FCF797D-C5B6-4AD3-9E55-5C68BDFA1FE6}"
EndProject
Global
	GlobalSection(SolutionConfigurationPlatforms) = preSolution
		Debug|Any CPU = Debug|Any CPU
		Debug|x86 = Debug|x86
		Release|Any CPU = Release|Any CPU
		Release|x86 = Release|x86
	EndGlobalSection
	GlobalSection(ProjectConfigurationPlatforms) = postSolution
		{46C0B385-062F-48D5-866A-8235192CBAB4}.Debug|Any CPU.ActiveCfg = Debug|Any CPU
		{46C0B385-062F-48D5-866A-8235192CBAB4}.Debug|Any CPU.Build.0 = Debug|Any CPU
		{46C0B385-062F-48D5-866A-8235192CBAB4}.Debug|x86.ActiveCfg = Debug|Any CPU
		{46C0B385-062F-48D5-866A-8235192CBAB4}.Debug|x86.Build.0 = Debug|Any CPU
		{46C0B385-062F-48D5-866A-8235192CBAB4}.Release|Any CPU.ActiveCfg = Release|Any CPU
		{46C0B385-062F-48D5-866A-8235192CBAB4}.Release|Any CPU.Build.0 = Release|Any CPU
		{46C0B385-062F-48D5-866A-8235192CBAB4}.Release|x86.ActiveCfg = Release|Any CPU
		{46C0B385-062F-48D5-866A-8235192CBAB4}.Release|x86.Build.0 = Release|Any CPU
		{8662EC7C-ECF1-4274-BAFD-38D6D1BD9DAB}.Debug|Any CPU.ActiveCfg = Debug|Any CPU
		{8662EC7C-ECF1-4274-BAFD-38D6D1BD9DAB}.Debug|Any CPU.Build.0 = Debug|Any CPU
		{8662EC7C-ECF1-4274-BAFD-38D6D1BD9DAB}.Debug|x86.ActiveCfg = Debug|Any CPU
		{8662EC7C-ECF1-4274-BAFD-38D6D1BD9DAB}.Debug|x86.Build.0 = Debug|Any CPU
		{8662EC7C-ECF1-4274-BAFD-38D6D1BD9DAB}.Release|Any CPU.ActiveCfg = Release|Any CPU
		{8662EC7C-ECF1-4274-BAFD-38D6D1BD9DAB}.Release|Any CPU.Build.0 = Release|Any CPU
		{8662EC7C-ECF1-4274-BAFD-38D6D1BD9DAB}.Release|x86.ActiveCfg = Release|Any CPU
		{8662EC7C-ECF1-4274-BAFD-38D6D1BD9DAB}.Release|x86.Build.0 = Release|Any CPU
		{E3756898-DD95-43BC-B344-AB4548081B82}.Debug|Any CPU.ActiveCfg = Debug|Any CPU
		{E3756898-DD95-43BC-B344-AB4548081B82}.Debug|Any CPU.Build.0 = Debug|Any CPU
		{E3756898-DD95-43BC-B344-AB4548081B82}.Debug|x86.ActiveCfg = Debug|Any CPU
		{E3756898-DD95-43BC-B344-AB4548081B82}.Debug|x86.Build.0 = Debug|Any CPU
		{E3756898-DD95-43BC-B344-AB4548081B82}.Release|Any CPU.ActiveCfg = Release|Any CPU
		{E3756898-DD95-43BC-B344-AB4548081B82}.Release|Any CPU.Build.0 = Release|Any CPU
		{E3756898-DD95-43BC-B344-AB4548081B82}.Release|x86.ActiveCfg = Release|Any CPU
		{E3756898-DD95-43BC-B344-AB4548081B82}.Release|x86.Build.0 = Release|Any CPU
		{3014AF58-165B-4CD7-BB4C-BC54B0872BD2}.Debug|Any CPU.ActiveCfg = Debug|Any CPU
		{3014AF58-165B-4CD7-BB4C-BC54B0872BD2}.Debug|Any CPU.Build.0 = Debug|Any CPU
		{3014AF58-165B-4CD7-BB4C-BC54B0872BD2}.Debug|x86.ActiveCfg = Debug|Any CPU
		{3014AF58-165B-4CD7-BB4C-BC54B0872BD2}.Debug|x86.Build.0 = Debug|Any CPU
		{3014AF58-165B-4CD7-BB4C-BC54B0872BD2}.Release|Any CPU.ActiveCfg = Release|Any CPU
		{3014AF58-165B-4CD7-BB4C-BC54B0872BD2}.Release|Any CPU.Build.0 = Release|Any CPU
		{3014AF58-165B-4CD7-BB4C-BC54B0872BD2}.Release|x86.ActiveCfg = Release|Any CPU
		{3014AF58-165B-4CD7-BB4C-BC54B0872BD2}.Release|x86.Build.0 = Release|Any CPU
		{87F3C4B5-FA58-4143-9C09-4328F172B158}.Debug|Any CPU.ActiveCfg = Debug|Any CPU
		{87F3C4B5-FA58-4143-9C09-4328F172B158}.Debug|Any CPU.Build.0 = Debug|Any CPU
		{87F3C4B5-FA58-4143-9C09-4328F172B158}.Debug|x86.ActiveCfg = Debug|Any CPU
		{87F3C4B5-FA58-4143-9C09-4328F172B158}.Debug|x86.Build.0 = Debug|Any CPU
		{87F3C4B5-FA58-4143-9C09-4328F172B158}.Release|Any CPU.ActiveCfg = Release|Any CPU
		{87F3C4B5-FA58-4143-9C09-4328F172B158}.Release|Any CPU.Build.0 = Release|Any CPU
		{87F3C4B5-FA58-4143-9C09-4328F172B158}.Release|x86.ActiveCfg = Release|Any CPU
		{87F3C4B5-FA58-4143-9C09-4328F172B158}.Release|x86.Build.0 = Release|Any CPU
		{7E007C8A-1518-4A6A-A47D-857CD6C0A150}.Debug|Any CPU.ActiveCfg = Debug|Any CPU
		{7E007C8A-1518-4A6A-A47D-857CD6C0A150}.Debug|Any CPU.Build.0 = Debug|Any CPU
		{7E007C8A-1518-4A6A-A47D-857CD6C0A150}.Debug|x86.ActiveCfg = Debug|Any CPU
		{7E007C8A-1518-4A6A-A47D-857CD6C0A150}.Debug|x86.Build.0 = Debug|Any CPU
		{7E007C8A-1518-4A6A-A47D-857CD6C0A150}.Release|Any CPU.ActiveCfg = Release|Any CPU
		{7E007C8A-1518-4A6A-A47D-857CD6C0A150}.Release|Any CPU.Build.0 = Release|Any CPU
		{7E007C8A-1518-4A6A-A47D-857CD6C0A150}.Release|x86.ActiveCfg = Release|Any CPU
		{7E007C8A-1518-4A6A-A47D-857CD6C0A150}.Release|x86.Build.0 = Release|Any CPU
		{37EF74E1-F6AD-4B0E-B573-32489D003E1B}.Debug|Any CPU.ActiveCfg = Debug|Any CPU
		{37EF74E1-F6AD-4B0E-B573-32489D003E1B}.Debug|Any CPU.Build.0 = Debug|Any CPU
		{37EF74E1-F6AD-4B0E-B573-32489D003E1B}.Debug|x86.ActiveCfg = Debug|Any CPU
		{37EF74E1-F6AD-4B0E-B573-32489D003E1B}.Debug|x86.Build.0 = Debug|Any CPU
		{37EF74E1-F6AD-4B0E-B573-32489D003E1B}.Release|Any CPU.ActiveCfg = Release|Any CPU
		{37EF74E1-F6AD-4B0E-B573-32489D003E1B}.Release|Any CPU.Build.0 = Release|Any CPU
		{37EF74E1-F6AD-4B0E-B573-32489D003E1B}.Release|x86.ActiveCfg = Release|Any CPU
		{37EF74E1-F6AD-4B0E-B573-32489D003E1B}.Release|x86.Build.0 = Release|Any CPU
		{F1A3F212-CD6A-48F4-BE4C-ACBEF04137D8}.Debug|Any CPU.ActiveCfg = Debug|Any CPU
		{F1A3F212-CD6A-48F4-BE4C-ACBEF04137D8}.Debug|Any CPU.Build.0 = Debug|Any CPU
		{F1A3F212-CD6A-48F4-BE4C-ACBEF04137D8}.Debug|x86.ActiveCfg = Debug|Any CPU
		{F1A3F212-CD6A-48F4-BE4C-ACBEF04137D8}.Debug|x86.Build.0 = Debug|Any CPU
		{F1A3F212-CD6A-48F4-BE4C-ACBEF04137D8}.Release|Any CPU.ActiveCfg = Release|Any CPU
		{F1A3F212-CD6A-48F4-BE4C-ACBEF04137D8}.Release|Any CPU.Build.0 = Release|Any CPU
		{F1A3F212-CD6A-48F4-BE4C-ACBEF04137D8}.Release|x86.ActiveCfg = Release|Any CPU
		{F1A3F212-CD6A-48F4-BE4C-ACBEF04137D8}.Release|x86.Build.0 = Release|Any CPU
		{7FCF797D-C5B6-4AD3-9E55-5C68BDFA1FE6}.Debug|Any CPU.ActiveCfg = Debug|Any CPU
		{7FCF797D-C5B6-4AD3-9E55-5C68BDFA1FE6}.Debug|Any CPU.Build.0 = Debug|Any CPU
		{7FCF797D-C5B6-4AD3-9E55-5C68BDFA1FE6}.Debug|x86.ActiveCfg = Debug|Any CPU
		{7FCF797D-C5B6-4AD3-9E55-5C68BDFA1FE6}.Debug|x86.Build.0 = Debug|Any CPU
		{7FCF797D-C5B6-4AD3-9E55-5C68BDFA1FE6}.Release|Any CPU.ActiveCfg = Release|Any CPU
		{7FCF797D-C5B6-4AD3-9E55-5C68BDFA1FE6}.Release|Any CPU.Build.0 = Release|Any CPU
		{7FCF797D-C5B6-4AD3-9E55-5C68BDFA1FE6}.Release|x86.ActiveCfg = Release|Any CPU
		{7FCF797D-C5B6-4AD3-9E55-5C68BDFA1FE6}.Release|x86.Build.0 = Release|Any CPU
	EndGlobalSection
	GlobalSection(SolutionProperties) = preSolution
		HideSolutionNode = FALSE
	EndGlobalSection
	GlobalSection(NestedProjects) = preSolution
		{3014AF58-165B-4CD7-BB4C-BC54B0872BD2} = {7FFD7B4A-1FF7-4F7F-9D99-75035E33E96D}
		{87F3C4B5-FA58-4143-9C09-4328F172B158} = {7FFD7B4A-1FF7-4F7F-9D99-75035E33E96D}
		{7E007C8A-1518-4A6A-A47D-857CD6C0A150} = {7FFD7B4A-1FF7-4F7F-9D99-75035E33E96D}
		{37EF74E1-F6AD-4B0E-B573-32489D003E1B} = {7FFD7B4A-1FF7-4F7F-9D99-75035E33E96D}
	EndGlobalSection
	GlobalSection(ExtensibilityGlobals) = postSolution
		SolutionGuid = {FB7DD32F-1C3C-435B-AE07-A3D7AA631603}
	EndGlobalSection
EndGlobal
