
Microsoft Visual Studio Solution File, Format Version 12.00
# Visual Studio Version 16
VisualStudioVersion = 16.0.30114.105
MinimumVisualStudioVersion = 10.0.40219.1
Project("{2150E333-8FDC-42A3-9474-1A3956D46DE8}") = "tests", "tests", "{A665DA3D-6018-4BF2-ACA6-0390E38AAA03}"
EndProject
Project("{FAE04EC0-301F-11D3-BF4B-00C04F79EFBC}") = "ProjectTestRunner", "tests\ProjectTestRunner.csproj", "{D61E2CC8-8444-42C8-98D1-C1D2CC51C7FF}"
EndProject
Project("{2150E333-8FDC-42A3-9474-1A3956D46DE8}") = "templates", "templates", "{5BB908AA-84CD-461B-B752-8686E8751E5A}"
EndProject
Project("{FAE04EC0-301F-11D3-BF4B-00C04F79EFBC}") = "FastEndpoints.TemplatePack", "templates\FastEndpoints.TemplatePack.csproj", "{81E8B148-499A-49CF-9D43-EF130AB96C12}"
EndProject
Global
	GlobalSection(SolutionConfigurationPlatforms) = preSolution
		Debug|Any CPU = Debug|Any CPU
		Release|Any CPU = Release|Any CPU
	EndGlobalSection
	GlobalSection(SolutionProperties) = preSolution
		HideSolutionNode = FALSE
	EndGlobalSection
	GlobalSection(NestedProjects) = preSolution
		{D61E2CC8-8444-42C8-98D1-C1D2CC51C7FF} = {A665DA3D-6018-4BF2-ACA6-0390E38AAA03}
		{81E8B148-499A-49CF-9D43-EF130AB96C12} = {5BB908AA-84CD-461B-B752-8686E8751E5A}
	EndGlobalSection
	GlobalSection(ProjectConfigurationPlatforms) = postSolution
		{D61E2CC8-8444-42C8-98D1-C1D2CC51C7FF}.Debug|Any CPU.ActiveCfg = Debug|Any CPU
		{D61E2CC8-8444-42C8-98D1-C1D2CC51C7FF}.Debug|Any CPU.Build.0 = Debug|Any CPU
		{D61E2CC8-8444-42C8-98D1-C1D2CC51C7FF}.Release|Any CPU.ActiveCfg = Release|Any CPU
		{D61E2CC8-8444-42C8-98D1-C1D2CC51C7FF}.Release|Any CPU.Build.0 = Release|Any CPU
		{81E8B148-499A-49CF-9D43-EF130AB96C12}.Debug|Any CPU.ActiveCfg = Debug|Any CPU
		{81E8B148-499A-49CF-9D43-EF130AB96C12}.Debug|Any CPU.Build.0 = Debug|Any CPU
		{81E8B148-499A-49CF-9D43-EF130AB96C12}.Release|Any CPU.ActiveCfg = Release|Any CPU
		{81E8B148-499A-49CF-9D43-EF130AB96C12}.Release|Any CPU.Build.0 = Release|Any CPU
	EndGlobalSection
EndGlobal
